# This file is automatically @generated by Cargo.
# It is not intended for manual editing.
[[package]]
name = "bitflags"
version = "1.2.1"
source = "registry+https://github.com/rust-lang/crates.io-index"
checksum = "cf1de2fe8c75bc145a2f577add951f8134889b4795d47466a54a5c846d691693"

[[package]]
name = "byteorder"
version = "1.3.2"
source = "registry+https://github.com/rust-lang/crates.io-index"
checksum = "a7c3dd8985a7111efc5c80b44e23ecdd8c007de8ade3b96595387e812b957cf5"

[[package]]
name = "cfg-if"
version = "0.1.10"
source = "registry+https://github.com/rust-lang/crates.io-index"
checksum = "4785bdd1c96b2a846b2bd7cc02e86b6b3dbf14e7e53446c4f54c92a361040822"

[[package]]
name = "cloudabi"
version = "0.0.3"
source = "registry+https://github.com/rust-lang/crates.io-index"
checksum = "ddfc5b9aa5d4507acaf872de71051dfd0e309860e88966e1051e462a077aac4f"
dependencies = [
 "bitflags",
]

[[package]]
name = "crunchy"
version = "0.2.2"
source = "registry+https://github.com/rust-lang/crates.io-index"
checksum = "7a81dae078cea95a014a339291cec439d2f232ebe854a9d672b796c6afafa9b7"

[[package]]
name = "erc20"
version = "0.1.0"
dependencies = [
 "lazy_static",
 "pwasm-abi",
 "pwasm-abi-derive",
 "pwasm-ethereum",
 "pwasm-std",
 "pwasm-test",
]

[[package]]
name = "fixed-hash"
version = "0.3.2"
source = "registry+https://github.com/rust-lang/crates.io-index"
checksum = "d1a683d1234507e4f3bf2736eeddf0de1dc65996dc0164d57eba0a74bcf29489"
dependencies = [
 "byteorder",
 "rand",
 "rustc-hex",
 "static_assertions",
]

[[package]]
name = "fuchsia-cprng"
version = "0.1.1"
source = "registry+https://github.com/rust-lang/crates.io-index"
checksum = "a06f77d526c1a601b7c4cdd98f54b5eaabffc14d5f2f0296febdc7f357c6d3ba"

[[package]]
name = "itoa"
version = "0.4.4"
source = "registry+https://github.com/rust-lang/crates.io-index"
checksum = "501266b7edd0174f8530248f87f99c88fbe60ca4ef3dd486835b8d8d53136f7f"

[[package]]
name = "lazy_static"
version = "1.4.0"
source = "registry+https://github.com/rust-lang/crates.io-index"
checksum = "e2abad23fbc42b3700f2f279844dc832adb2b2eb069b2df918f455c4e18cc646"
dependencies = [
 "spin",
]

[[package]]
name = "libc"
version = "0.2.66"
source = "registry+https://github.com/rust-lang/crates.io-index"
checksum = "d515b1f41455adea1313a4a2ac8a8a477634fbae63cc6100e3aebb207ce61558"

[[package]]
name = "memory_units"
version = "0.4.0"
source = "registry+https://github.com/rust-lang/crates.io-index"
checksum = "8452105ba047068f40ff7093dd1d9da90898e63dd61736462e9cdda6a90ad3c3"

[[package]]
name = "proc-macro2"
version = "0.4.30"
source = "registry+https://github.com/rust-lang/crates.io-index"
checksum = "cf3d2011ab5c909338f7887f4fc896d35932e29146c12c8d01da6b22a80ba759"
dependencies = [
 "unicode-xid 0.1.0",
]

[[package]]
name = "proc-macro2"
version = "1.0.8"
source = "registry+https://github.com/rust-lang/crates.io-index"
checksum = "3acb317c6ff86a4e579dfa00fc5e6cca91ecbb4e7eb2df0468805b674eb88548"
dependencies = [
 "unicode-xid 0.2.0",
]

[[package]]
name = "pwasm-abi"
version = "0.2.2"
source = "registry+https://github.com/rust-lang/crates.io-index"
checksum = "3eccaec239b0e2967578c97a589a08893abe5d3ada2479fde6d04e0ec32c9993"
dependencies = [
 "byteorder",
 "pwasm-std",
]

[[package]]
name = "pwasm-abi-derive"
version = "0.2.3"
source = "registry+https://github.com/rust-lang/crates.io-index"
checksum = "c042abcfe7caf5d493102dd9751eefa755419cb11b425f30a8f490fdac147a0d"
dependencies = [
 "byteorder",
 "fixed-hash",
 "proc-macro2 0.4.30",
 "quote 0.6.13",
 "serde",
 "serde_derive",
 "serde_json",
 "syn 0.15.44",
 "tiny-keccak",
]

[[package]]
name = "pwasm-alloc"
version = "0.4.1"
source = "registry+https://github.com/rust-lang/crates.io-index"
checksum = "20c219f82ecb45feafa64e22a1f354462243f5be05eb1f4722a302e79ff7e3b9"
dependencies = [
 "wee_alloc",
]

[[package]]
name = "pwasm-ethereum"
version = "0.8.0"
source = "registry+https://github.com/rust-lang/crates.io-index"
checksum = "8b5509e67ee47ec62bdbd1c32a6949931adbe2e12a460bb45e5dc46593fdc71c"
dependencies = [
 "byteorder",
 "pwasm-std",
]

[[package]]
name = "pwasm-libc"
version = "0.2.1"
source = "registry+https://github.com/rust-lang/crates.io-index"
checksum = "f31d0f66477d84afab3591c08587188b46fd1ab93c1e1cb5d23f683fcc2a92b1"
dependencies = [
 "cfg-if",
]

[[package]]
name = "pwasm-std"
version = "0.13.1"
source = "registry+https://github.com/rust-lang/crates.io-index"
checksum = "7fa5ab4637584074a26c7fe9b3516ae887a98539516d6a7075afbef5c404be5d"
dependencies = [
 "byteorder",
 "fixed-hash",
 "pwasm-alloc",
 "pwasm-libc",
 "tiny-keccak",
 "uint",
]

[[package]]
name = "pwasm-test"
version = "0.1.1"
source = "git+https://github.com/paritytech/pwasm-test#6e621660d1513185fecf6dac5ec2fc8758ff4797"
dependencies = [
 "pwasm-abi",
 "pwasm-ethereum",
 "pwasm-std",
]

[[package]]
name = "quote"
version = "0.6.13"
source = "registry+https://github.com/rust-lang/crates.io-index"
checksum = "6ce23b6b870e8f94f81fb0a363d65d86675884b34a09043c81e5562f11c1f8e1"
dependencies = [
 "proc-macro2 0.4.30",
]

[[package]]
name = "quote"
version = "1.0.2"
source = "registry+https://github.com/rust-lang/crates.io-index"
checksum = "053a8c8bcc71fcce321828dc897a98ab9760bef03a4fc36693c231e5b3216cfe"
dependencies = [
 "proc-macro2 1.0.8",
]

[[package]]
name = "rand"
version = "0.5.6"
source = "registry+https://github.com/rust-lang/crates.io-index"
checksum = "c618c47cd3ebd209790115ab837de41425723956ad3ce2e6a7f09890947cacb9"
dependencies = [
 "cloudabi",
 "fuchsia-cprng",
 "libc",
 "rand_core 0.3.1",
 "winapi",
]

[[package]]
name = "rand_core"
version = "0.3.1"
source = "registry+https://github.com/rust-lang/crates.io-index"
checksum = "7a6fdeb83b075e8266dcc8762c22776f6877a63111121f5f8c7411e5be7eed4b"
dependencies = [
 "rand_core 0.4.2",
]

[[package]]
name = "rand_core"
version = "0.4.2"
source = "registry+https://github.com/rust-lang/crates.io-index"
checksum = "9c33a3c44ca05fa6f1807d8e6743f3824e8509beca625669633be0acbdf509dc"

[[package]]
name = "rustc-hex"
version = "2.1.0"
source = "registry+https://github.com/rust-lang/crates.io-index"
checksum = "3e75f6a532d0fd9f7f13144f392b6ad56a32696bfcd9c78f797f16bbb6f072d6"

[[package]]
name = "ryu"
version = "1.0.2"
source = "registry+https://github.com/rust-lang/crates.io-index"
checksum = "bfa8506c1de11c9c4e4c38863ccbe02a305c8188e85a05a784c9e11e1c3910c8"

[[package]]
name = "serde"
version = "1.0.104"
source = "registry+https://github.com/rust-lang/crates.io-index"
checksum = "414115f25f818d7dfccec8ee535d76949ae78584fc4f79a6f45a904bf8ab4449"

[[package]]
name = "serde_derive"
version = "1.0.104"
source = "registry+https://github.com/rust-lang/crates.io-index"
checksum = "128f9e303a5a29922045a830221b8f78ec74a5f544944f3d5984f8ec3895ef64"
dependencies = [
 "proc-macro2 1.0.8",
 "quote 1.0.2",
 "syn 1.0.13",
]

[[package]]
name = "serde_json"
version = "1.0.44"
source = "registry+https://github.com/rust-lang/crates.io-index"
checksum = "48c575e0cc52bdd09b47f330f646cf59afc586e9c4e3ccd6fc1f625b8ea1dad7"
dependencies = [
 "itoa",
 "ryu",
 "serde",
]

[[package]]
name = "spin"
version = "0.5.2"
source = "registry+https://github.com/rust-lang/crates.io-index"
checksum = "6e63cff320ae2c57904679ba7cb63280a3dc4613885beafb148ee7bf9aa9042d"

[[package]]
name = "static_assertions"
version = "0.2.5"
source = "registry+https://github.com/rust-lang/crates.io-index"
checksum = "c19be23126415861cb3a23e501d34a708f7f9b2183c5252d690941c2e69199d5"

[[package]]
name = "syn"
version = "0.15.44"
source = "registry+https://github.com/rust-lang/crates.io-index"
checksum = "9ca4b3b69a77cbe1ffc9e198781b7acb0c7365a883670e8f1c1bc66fba79a5c5"
dependencies = [
 "proc-macro2 0.4.30",
 "quote 0.6.13",
 "unicode-xid 0.1.0",
]

[[package]]
name = "syn"
version = "1.0.13"
source = "registry+https://github.com/rust-lang/crates.io-index"
checksum = "1e4ff033220a41d1a57d8125eab57bf5263783dfdcc18688b1dacc6ce9651ef8"
dependencies = [
 "proc-macro2 1.0.8",
 "quote 1.0.2",
 "unicode-xid 0.2.0",
]

[[package]]
name = "tiny-keccak"
version = "1.5.0"
source = "registry+https://github.com/rust-lang/crates.io-index"
checksum = "1d8a021c69bb74a44ccedb824a046447e2c84a01df9e5c20779750acb38e11b2"
dependencies = [
 "crunchy",
]

[[package]]
name = "uint"
version = "0.5.0"
source = "registry+https://github.com/rust-lang/crates.io-index"
checksum = "082df6964410f6aa929a61ddfafc997e4f32c62c22490e439ac351cec827f436"
dependencies = [
 "byteorder",
 "crunchy",
 "rustc-hex",
]

[[package]]
name = "unicode-xid"
version = "0.1.0"
source = "registry+https://github.com/rust-lang/crates.io-index"
checksum = "fc72304796d0818e357ead4e000d19c9c174ab23dc11093ac919054d20a6a7fc"

[[package]]
name = "unicode-xid"
version = "0.2.0"
source = "registry+https://github.com/rust-lang/crates.io-index"
checksum = "826e7639553986605ec5979c7dd957c7895e93eabed50ab2ffa7f6128a75097c"

[[package]]
name = "wee_alloc"
version = "0.4.5"
source = "registry+https://github.com/rust-lang/crates.io-index"
checksum = "dbb3b5a6b2bb17cb6ad44a2e68a43e8d2722c997da10e928665c72ec6c0a0b8e"
dependencies = [
 "cfg-if",
 "libc",
 "memory_units",
 "winapi",
]

[[package]]
name = "winapi"
version = "0.3.8"
source = "registry+https://github.com/rust-lang/crates.io-index"
checksum = "8093091eeb260906a183e6ae1abdba2ef5ef2257a21801128899c3fc699229c6"
dependencies = [
 "winapi-i686-pc-windows-gnu",
 "winapi-x86_64-pc-windows-gnu",
]

[[package]]
name = "winapi-i686-pc-windows-gnu"
version = "0.4.0"
source = "registry+https://github.com/rust-lang/crates.io-index"
checksum = "ac3b87c63620426dd9b991e5ce0329eff545bccbbb34f3be09ff6fb6ab51b7b6"

[[package]]
name = "winapi-x86_64-pc-windows-gnu"
version = "0.4.0"
source = "registry+https://github.com/rust-lang/crates.io-index"
checksum = "712e227841d057c1ee1cd2fb22fa7e5a5461ae8e48fa2ca79ec42cfc1931183f"
